// !$*UTF8*$!
{
	archiveVersion = 1;
	classes = {
	};
	objectVersion = 46;
	objects = {

/* Begin PBXBuildFile section */
		49355C831F6D15F0009D2F3F /* AppDelegate.swift in Sources */ = {isa = PBXBuildFile; fileRef = 49355C821F6D15F0009D2F3F /* AppDelegate.swift */; };
		49355C8A1F6D15F0009D2F3F /* Assets.xcassets in Resources */ = {isa = PBXBuildFile; fileRef = 49355C891F6D15F0009D2F3F /* Assets.xcassets */; };
		49355C951F6D1949009D2F3F /* HittestViewController.swift in Sources */ = {isa = PBXBuildFile; fileRef = 49355C941F6D1949009D2F3F /* HittestViewController.swift */; };
		49355C971F6D2093009D2F3F /* RootViewController.swift in Sources */ = {isa = PBXBuildFile; fileRef = 49355C961F6D2093009D2F3F /* RootViewController.swift */; };
		4957354F1F72A741004EC015 /* ProfileViewController.swift in Sources */ = {isa = PBXBuildFile; fileRef = 4957354E1F72A741004EC015 /* ProfileViewController.swift */; };
		495735511F72A758004EC015 /* HeaderView.swift in Sources */ = {isa = PBXBuildFile; fileRef = 495735501F72A758004EC015 /* HeaderView.swift */; };
		495735541F72B7F9004EC015 /* UIColor+Extension.swift in Sources */ = {isa = PBXBuildFile; fileRef = 495735531F72B7F9004EC015 /* UIColor+Extension.swift */; };
		49D56D751F6D36E900887FCA /* MoveButton.swift in Sources */ = {isa = PBXBuildFile; fileRef = 49D56D741F6D36E900887FCA /* MoveButton.swift */; };
		49D56D771F6D388400887FCA /* HittestView.swift in Sources */ = {isa = PBXBuildFile; fileRef = 49D56D761F6D388400887FCA /* HittestView.swift */; };
		49D56D791F6D6BFC00887FCA /* qiuqiu.jpeg in Resources */ = {isa = PBXBuildFile; fileRef = 49D56D781F6D6BFC00887FCA /* qiuqiu.jpeg */; };
		49D56D7B1F6D6C1300887FCA /* 12.png in Resources */ = {isa = PBXBuildFile; fileRef = 49D56D7A1F6D6C1300887FCA /* 12.png */; };
		49D56D7E1F6E022300887FCA /* ThreadViewController.swift in Sources */ = {isa = PBXBuildFile; fileRef = 49D56D7D1F6E022300887FCA /* ThreadViewController.swift */; };
		A88509068C55FBD1FCF1D091 /* Pods_ImportantPoint.framework in Frameworks */ = {isa = PBXBuildFile; fileRef = 7DD2F3C12D8453FE231A167F /* Pods_ImportantPoint.framework */; };
/* End PBXBuildFile section */

/* Begin PBXFileReference section */
		1180A0CADB8EE3240603E7A9 /* Pods-ImportantPoint.release.xcconfig */ = {isa = PBXFileReference; includeInIndex = 1; lastKnownFileType = text.xcconfig; name = "Pods-ImportantPoint.release.xcconfig"; path = "Pods/Target Support Files/Pods-ImportantPoint/Pods-ImportantPoint.release.xcconfig"; sourceTree = "<group>"; };
		3DFEDA97BE042CD42645BBB9 /* Pods-ImportantPoint.debug.xcconfig */ = {isa = PBXFileReference; includeInIndex = 1; lastKnownFileType = text.xcconfig; name = "Pods-ImportantPoint.debug.xcconfig"; path = "Pods/Target Support Files/Pods-ImportantPoint/Pods-ImportantPoint.debug.xcconfig"; sourceTree = "<group>"; };
		49355C7F1F6D15F0009D2F3F /* ImportantPoint.app */ = {isa = PBXFileReference; explicitFileType = wrapper.application; includeInIndex = 0; path = ImportantPoint.app; sourceTree = BUILT_PRODUCTS_DIR; };
		49355C821F6D15F0009D2F3F /* AppDelegate.swift */ = {isa = PBXFileReference; lastKnownFileType = sourcecode.swift; path = AppDelegate.swift; sourceTree = "<group>"; };
		49355C891F6D15F0009D2F3F /* Assets.xcassets */ = {isa = PBXFileReference; lastKnownFileType = folder.assetcatalog; path = Assets.xcassets; sourceTree = "<group>"; };
		49355C8E1F6D15F0009D2F3F /* Info.plist */ = {isa = PBXFileReference; lastKnownFileType = text.plist.xml; path = Info.plist; sourceTree = "<group>"; };
		49355C941F6D1949009D2F3F /* HittestViewController.swift */ = {isa = PBXFileReference; fileEncoding = 4; lastKnownFileType = sourcecode.swift; path = HittestViewController.swift; sourceTree = "<group>"; };
		49355C961F6D2093009D2F3F /* RootViewController.swift */ = {isa = PBXFileReference; fileEncoding = 4; lastKnownFileType = sourcecode.swift; path = RootViewController.swift; sourceTree = "<group>"; };
		4957354E1F72A741004EC015 /* ProfileViewController.swift */ = {isa = PBXFileReference; fileEncoding = 4; lastKnownFileType = sourcecode.swift; path = ProfileViewController.swift; sourceTree = "<group>"; };
		495735501F72A758004EC015 /* HeaderView.swift */ = {isa = PBXFileReference; fileEncoding = 4; lastKnownFileType = sourcecode.swift; path = HeaderView.swift; sourceTree = "<group>"; };
		495735531F72B7F9004EC015 /* UIColor+Extension.swift */ = {isa = PBXFileReference; fileEncoding = 4; lastKnownFileType = sourcecode.swift; path = "UIColor+Extension.swift"; sourceTree = "<group>"; };
		49D56D741F6D36E900887FCA /* MoveButton.swift */ = {isa = PBXFileReference; fileEncoding = 4; lastKnownFileType = sourcecode.swift; path = MoveButton.swift; sourceTree = "<group>"; };
		49D56D761F6D388400887FCA /* HittestView.swift */ = {isa = PBXFileReference; fileEncoding = 4; lastKnownFileType = sourcecode.swift; path = HittestView.swift; sourceTree = "<group>"; };
		49D56D781F6D6BFC00887FCA /* qiuqiu.jpeg */ = {isa = PBXFileReference; lastKnownFileType = image.jpeg; path = qiuqiu.jpeg; sourceTree = "<group>"; };
		49D56D7A1F6D6C1300887FCA /* 12.png */ = {isa = PBXFileReference; lastKnownFileType = image.png; path = 12.png; sourceTree = "<group>"; };
		49D56D7D1F6E022300887FCA /* ThreadViewController.swift */ = {isa = PBXFileReference; fileEncoding = 4; lastKnownFileType = sourcecode.swift; path = ThreadViewController.swift; sourceTree = "<group>"; };
		7DD2F3C12D8453FE231A167F /* Pods_ImportantPoint.framework */ = {isa = PBXFileReference; explicitFileType = wrapper.framework; includeInIndex = 0; path = Pods_ImportantPoint.framework; sourceTree = BUILT_PRODUCTS_DIR; };
/* End PBXFileReference section */

/* Begin PBXFrameworksBuildPhase section */
		49355C7C1F6D15F0009D2F3F /* Frameworks */ = {
			isa = PBXFrameworksBuildPhase;
			buildActionMask = 2147483647;
			files = (
				A88509068C55FBD1FCF1D091 /* Pods_ImportantPoint.framework in Frameworks */,
			);
			runOnlyForDeploymentPostprocessing = 0;
		};
/* End PBXFrameworksBuildPhase section */

/* Begin PBXGroup section */
		3C4CF94D3279861A9DEF23C2 /* Frameworks */ = {
			isa = PBXGroup;
			children = (
				7DD2F3C12D8453FE231A167F /* Pods_ImportantPoint.framework */,
			);
			name = Frameworks;
			sourceTree = "<group>";
		};
		49355C761F6D15F0009D2F3F = {
			isa = PBXGroup;
			children = (
				49355C811F6D15F0009D2F3F /* ImportantPoint */,
				49355C801F6D15F0009D2F3F /* Products */,
				92AABA2CB0ADB620C1EC5576 /* Pods */,
				3C4CF94D3279861A9DEF23C2 /* Frameworks */,
			);
			sourceTree = "<group>";
		};
		49355C801F6D15F0009D2F3F /* Products */ = {
			isa = PBXGroup;
			children = (
				49355C7F1F6D15F0009D2F3F /* ImportantPoint.app */,
			);
			name = Products;
			sourceTree = "<group>";
		};
		49355C811F6D15F0009D2F3F /* ImportantPoint */ = {
			isa = PBXGroup;
			children = (
				49355C821F6D15F0009D2F3F /* AppDelegate.swift */,
				49355C961F6D2093009D2F3F /* RootViewController.swift */,
				495735521F72B7C2004EC015 /* Category */,
				4957354D1F72A67E004EC015 /* UserCenter */,
				49D56D7C1F6E01EF00887FCA /* Thread */,
				49D56D731F6D36D200887FCA /* Hittest */,
				49355C891F6D15F0009D2F3F /* Assets.xcassets */,
				49D56D7A1F6D6C1300887FCA /* 12.png */,
				49D56D781F6D6BFC00887FCA /* qiuqiu.jpeg */,
				49355C8E1F6D15F0009D2F3F /* Info.plist */,
			);
			path = ImportantPoint;
			sourceTree = "<group>";
		};
		4957354D1F72A67E004EC015 /* UserCenter */ = {
			isa = PBXGroup;
			children = (
				495735501F72A758004EC015 /* HeaderView.swift */,
				4957354E1F72A741004EC015 /* ProfileViewController.swift */,
			);
			name = UserCenter;
			sourceTree = "<group>";
		};
		495735521F72B7C2004EC015 /* Category */ = {
			isa = PBXGroup;
			children = (
				495735531F72B7F9004EC015 /* UIColor+Extension.swift */,
			);
			name = Category;
			sourceTree = "<group>";
		};
		49D56D731F6D36D200887FCA /* Hittest */ = {
			isa = PBXGroup;
			children = (
				49355C941F6D1949009D2F3F /* HittestViewController.swift */,
				49D56D741F6D36E900887FCA /* MoveButton.swift */,
				49D56D761F6D388400887FCA /* HittestView.swift */,
			);
			name = Hittest;
			sourceTree = "<group>";
		};
		49D56D7C1F6E01EF00887FCA /* Thread */ = {
			isa = PBXGroup;
			children = (
				49D56D7D1F6E022300887FCA /* ThreadViewController.swift */,
			);
			name = Thread;
			sourceTree = "<group>";
		};
		92AABA2CB0ADB620C1EC5576 /* Pods */ = {
			isa = PBXGroup;
			children = (
				3DFEDA97BE042CD42645BBB9 /* Pods-ImportantPoint.debug.xcconfig */,
				1180A0CADB8EE3240603E7A9 /* Pods-ImportantPoint.release.xcconfig */,
			);
			name = Pods;
			sourceTree = "<group>";
		};
/* End PBXGroup section */

/* Begin PBXNativeTarget section */
		49355C7E1F6D15F0009D2F3F /* ImportantPoint */ = {
			isa = PBXNativeTarget;
			buildConfigurationList = 49355C911F6D15F0009D2F3F /* Build configuration list for PBXNativeTarget "ImportantPoint" */;
			buildPhases = (
				F961631F13D56C6E6FF6297E /* [CP] Check Pods Manifest.lock */,
				49355C7B1F6D15F0009D2F3F /* Sources */,
				49355C7C1F6D15F0009D2F3F /* Frameworks */,
				49355C7D1F6D15F0009D2F3F /* Resources */,
				1FAA64D0660600D33B2B20CA /* [CP] Embed Pods Frameworks */,
				1E8CB1B5789C1C6889881368 /* [CP] Copy Pods Resources */,
			);
			buildRules = (
			);
			dependencies = (
			);
			name = ImportantPoint;
			productName = ImportantPoint;
			productReference = 49355C7F1F6D15F0009D2F3F /* ImportantPoint.app */;
			productType = "com.apple.product-type.application";
		};
/* End PBXNativeTarget section */

/* Begin PBXProject section */
		49355C771F6D15F0009D2F3F /* Project object */ = {
			isa = PBXProject;
			attributes = {
				LastSwiftUpdateCheck = 0830;
				LastUpgradeCheck = 0830;
				ORGANIZATIONNAME = liuqing;
				TargetAttributes = {
					49355C7E1F6D15F0009D2F3F = {
						CreatedOnToolsVersion = 8.3.3;
						ProvisioningStyle = Automatic;
					};
				};
			};
			buildConfigurationList = 49355C7A1F6D15F0009D2F3F /* Build configuration list for PBXProject "ImportantPoint" */;
			compatibilityVersion = "Xcode 3.2";
			developmentRegion = English;
			hasScannedForEncodings = 0;
			knownRegions = (
				en,
				Base,
			);
			mainGroup = 49355C761F6D15F0009D2F3F;
			productRefGroup = 49355C801F6D15F0009D2F3F /* Products */;
			projectDirPath = "";
			projectRoot = "";
			targets = (
				49355C7E1F6D15F0009D2F3F /* ImportantPoint */,
			);
		};
/* End PBXProject section */

/* Begin PBXResourcesBuildPhase section */
		49355C7D1F6D15F0009D2F3F /* Resources */ = {
			isa = PBXResourcesBuildPhase;
			buildActionMask = 2147483647;
			files = (
				49D56D7B1F6D6C1300887FCA /* 12.png in Resources */,
				49355C8A1F6D15F0009D2F3F /* Assets.xcassets in Resources */,
				49D56D791F6D6BFC00887FCA /* qiuqiu.jpeg in Resources */,
			);
			runOnlyForDeploymentPostprocessing = 0;
		};
/* End PBXResourcesBuildPhase section */

/* Begin PBXShellScriptBuildPhase section */
		1E8CB1B5789C1C6889881368 /* [CP] Copy Pods Resources */ = {
			isa = PBXShellScriptBuildPhase;
			buildActionMask = 2147483647;
			files = (
			);
			inputPaths = (
			);
			name = "[CP] Copy Pods Resources";
			outputPaths = (
			);
			runOnlyForDeploymentPostprocessing = 0;
			shellPath = /bin/sh;
			shellScript = "\"${SRCROOT}/Pods/Target Support Files/Pods-ImportantPoint/Pods-ImportantPoint-resources.sh\"\n";
			showEnvVarsInLog = 0;
		};
		1FAA64D0660600D33B2B20CA /* [CP] Embed Pods Frameworks */ = {
			isa = PBXShellScriptBuildPhase;
			buildActionMask = 2147483647;
			files = (
			);
			inputPaths = (
			);
			name = "[CP] Embed Pods Frameworks";
			outputPaths = (
			);
			runOnlyForDeploymentPostprocessing = 0;
			shellPath = /bin/sh;
			shellScript = "\"${SRCROOT}/Pods/Target Support Files/Pods-ImportantPoint/Pods-ImportantPoint-frameworks.sh\"\n";
			showEnvVarsInLog = 0;
		};
		F961631F13D56C6E6FF6297E /* [CP] Check Pods Manifest.lock */ = {
			isa = PBXShellScriptBuildPhase;
			buildActionMask = 2147483647;
			files = (
			);
			inputPaths = (
			);
			name = "[CP] Check Pods Manifest.lock";
			outputPaths = (
			);
			runOnlyForDeploymentPostprocessing = 0;
			shellPath = /bin/sh;
			shellScript = "diff \"${PODS_PODFILE_DIR_PATH}/Podfile.lock\" \"${PODS_ROOT}/Manifest.lock\" > /dev/null\nif [ $? != 0 ] ; then\n    # print error to STDERR\n    echo \"error: The sandbox is not in sync with the Podfile.lock. Run 'pod install' or update your CocoaPods installation.\" >&2\n    exit 1\nfi\n";
			showEnvVarsInLog = 0;
		};
/* End PBXShellScriptBuildPhase section */

/* Begin PBXSourcesBuildPhase section */
		49355C7B1F6D15F0009D2F3F /* Sources */ = {
			isa = PBXSourcesBuildPhase;
			buildActionMask = 2147483647;
			files = (
				49355C951F6D1949009D2F3F /* HittestViewController.swift in Sources */,
				49355C831F6D15F0009D2F3F /* AppDelegate.swift in Sources */,
				49D56D7E1F6E022300887FCA /* ThreadViewController.swift in Sources */,
				495735541F72B7F9004EC015 /* UIColor+Extension.swift in Sources */,
				49D56D771F6D388400887FCA /* HittestView.swift in Sources */,
				4957354F1F72A741004EC015 /* ProfileViewController.swift in Sources */,
				49D56D751F6D36E900887FCA /* MoveButton.swift in Sources */,
				49355C971F6D2093009D2F3F /* RootViewController.swift in Sources */,
				495735511F72A758004EC015 /* HeaderView.swift in Sources */,
			);
			runOnlyForDeploymentPostprocessing = 0;
		};
/* End PBXSourcesBuildPhase section */

/* Begin XCBuildConfiguration section */
		49355C8F1F6D15F0009D2F3F /* Debug */ = {
			isa = XCBuildConfiguration;
			buildSettings = {
				ALWAYS_SEARCH_USER_PATHS = NO;
				CLANG_ANALYZER_NONNULL = YES;
				CLANG_ANALYZER_NUMBER_OBJECT_CONVERSION = YES_AGGRESSIVE;
				CLANG_CXX_LANGUAGE_STANDARD = "gnu++0x";
				CLANG_CXX_LIBRARY = "libc++";
				CLANG_ENABLE_MODULES = YES;
				CLANG_ENABLE_OBJC_ARC = YES;
				CLANG_WARN_BOOL_CONVERSION = YES;
				CLANG_WARN_CONSTANT_CONVERSION = YES;
				CLANG_WARN_DIRECT_OBJC_ISA_USAGE = YES_ERROR;
				CLANG_WARN_DOCUMENTATION_COMMENTS = YES;
				CLANG_WARN_EMPTY_BODY = YES;
				CLANG_WARN_ENUM_CONVERSION = YES;
				CLANG_WARN_INFINITE_RECURSION = YES;
				CLANG_WARN_INT_CONVERSION = YES;
				CLANG_WARN_OBJC_ROOT_CLASS = YES_ERROR;
				CLANG_WARN_SUSPICIOUS_MOVE = YES;
				CLANG_WARN_UNREACHABLE_CODE = YES;
				CLANG_WARN__DUPLICATE_METHOD_MATCH = YES;
				"CODE_SIGN_IDENTITY[sdk=iphoneos*]" = "iPhone Developer";
				COPY_PHASE_STRIP = NO;
				DEBUG_INFORMATION_FORMAT = dwarf;
				ENABLE_STRICT_OBJC_MSGSEND = YES;
				ENABLE_TESTABILITY = YES;
				GCC_C_LANGUAGE_STANDARD = gnu99;
				GCC_DYNAMIC_NO_PIC = NO;
				GCC_NO_COMMON_BLOCKS = YES;
				GCC_OPTIMIZATION_LEVEL = 0;
				GCC_PREPROCESSOR_DEFINITIONS = (
					"DEBUG=1",
					"$(inherited)",
				);
				GCC_WARN_64_TO_32_BIT_CONVERSION = YES;
				GCC_WARN_ABOUT_RETURN_TYPE = YES_ERROR;
				GCC_WARN_UNDECLARED_SELECTOR = YES;
				GCC_WARN_UNINITIALIZED_AUTOS = YES_AGGRESSIVE;
				GCC_WARN_UNUSED_FUNCTION = YES;
				GCC_WARN_UNUSED_VARIABLE = YES;
				IPHONEOS_DEPLOYMENT_TARGET = 10.3;
				MTL_ENABLE_DEBUG_INFO = YES;
				ONLY_ACTIVE_ARCH = YES;
				SDKROOT = iphoneos;
				SWIFT_ACTIVE_COMPILATION_CONDITIONS = DEBUG;
				SWIFT_OPTIMIZATION_LEVEL = "-Onone";
				TARGETED_DEVICE_FAMILY = "1,2";
			};
			name = Debug;
		};
		49355C901F6D15F0009D2F3F /* Release */ = {
			isa = XCBuildConfiguration;
			buildSettings = {
				ALWAYS_SEARCH_USER_PATHS = NO;
				CLANG_ANALYZER_NONNULL = YES;
				CLANG_ANALYZER_NUMBER_OBJECT_CONVERSION = YES_AGGRESSIVE;
				CLANG_CXX_LANGUAGE_STANDARD = "gnu++0x";
				CLANG_CXX_LIBRARY = "libc++";
				CLANG_ENABLE_MODULES = YES;
				CLANG_ENABLE_OBJC_ARC = YES;
				CLANG_WARN_BOOL_CONVERSION = YES;
				CLANG_WARN_CONSTANT_CONVERSION = YES;
				CLANG_WARN_DIRECT_OBJC_ISA_USAGE = YES_ERROR;
				CLANG_WARN_DOCUMENTATION_COMMENTS = YES;
				CLANG_WARN_EMPTY_BODY = YES;
				CLANG_WARN_ENUM_CONVERSION = YES;
				CLANG_WARN_INFINITE_RECURSION = YES;
				CLANG_WARN_INT_CONVERSION = YES;
				CLANG_WARN_OBJC_ROOT_CLASS = YES_ERROR;
				CLANG_WARN_SUSPICIOUS_MOVE = YES;
				CLANG_WARN_UNREACHABLE_CODE = YES;
				CLANG_WARN__DUPLICATE_METHOD_MATCH = YES;
				"CODE_SIGN_IDENTITY[sdk=iphoneos*]" = "iPhone Developer";
				COPY_PHASE_STRIP = NO;
				DEBUG_INFORMATION_FORMAT = "dwarf-with-dsym";
				ENABLE_NS_ASSERTIONS = NO;
				ENABLE_STRICT_OBJC_MSGSEND = YES;
				GCC_C_LANGUAGE_STANDARD = gnu99;
				GCC_NO_COMMON_BLOCKS = YES;
				GCC_WARN_64_TO_32_BIT_CONVERSION = YES;
				GCC_WARN_ABOUT_RETURN_TYPE = YES_ERROR;
				GCC_WARN_UNDECLARED_SELECTOR = YES;
				GCC_WARN_UNINITIALIZED_AUTOS = YES_AGGRESSIVE;
				GCC_WARN_UNUSED_FUNCTION = YES;
				GCC_WARN_UNUSED_VARIABLE = YES;
				IPHONEOS_DEPLOYMENT_TARGET = 10.3;
				MTL_ENABLE_DEBUG_INFO = NO;
				SDKROOT = iphoneos;
				SWIFT_OPTIMIZATION_LEVEL = "-Owholemodule";
				TARGETED_DEVICE_FAMILY = "1,2";
				VALIDATE_PRODUCT = YES;
			};
			name = Release;
		};
		49355C921F6D15F0009D2F3F /* Debug */ = {
			isa = XCBuildConfiguration;
			baseConfigurationReference = 3DFEDA97BE042CD42645BBB9 /* Pods-ImportantPoint.debug.xcconfig */;
			buildSettings = {
				ASSETCATALOG_COMPILER_APPICON_NAME = AppIcon;
				INFOPLIST_FILE = ImportantPoint/Info.plist;
				IPHONEOS_DEPLOYMENT_TARGET = 10.0;
				LD_RUNPATH_SEARCH_PATHS = "$(inherited) @executable_path/Frameworks";
				PRODUCT_BUNDLE_IDENTIFIER = liuqing.ImportantPoint;
				PRODUCT_NAME = "$(TARGET_NAME)";
				SWIFT_VERSION = 3.0;
			};
			name = Debug;
		};
		49355C931F6D15F0009D2F3F /* Release */ = {
			isa = XCBuildConfiguration;
			baseConfigurationReference = 1180A0CADB8EE3240603E7A9 /* Pods-ImportantPoint.release.xcconfig */;
			buildSettings = {
				ASSETCATALOG_COMPILER_APPICON_NAME = AppIcon;
				INFOPLIST_FILE = ImportantPoint/Info.plist;
				IPHONEOS_DEPLOYMENT_TARGET = 10.0;
				LD_RUNPATH_SEARCH_PATHS = "$(inherited) @executable_path/Frameworks";
				PRODUCT_BUNDLE_IDENTIFIER = liuqing.ImportantPoint;
				PRODUCT_NAME = "$(TARGET_NAME)";
				SWIFT_VERSION = 3.0;
			};
			name = Release;
		};
/* End XCBuildConfiguration section */

/* Begin XCConfigurationList section */
		49355C7A1F6D15F0009D2F3F /* Build configuration list for PBXProject "ImportantPoint" */ = {
			isa = XCConfigurationList;
			buildConfigurations = (
				49355C8F1F6D15F0009D2F3F /* Debug */,
				49355C901F6D15F0009D2F3F /* Release */,
			);
			defaultConfigurationIsVisible = 0;
			defaultConfigurationName = Release;
		};
		49355C911F6D15F0009D2F3F /* Build configuration list for PBXNativeTarget "ImportantPoint" */ = {
			isa = XCConfigurationList;
			buildConfigurations = (
				49355C921F6D15F0009D2F3F /* Debug */,
				49355C931F6D15F0009D2F3F /* Release */,
			);
			defaultConfigurationIsVisible = 0;
			defaultConfigurationName = Release;
		};
/* End XCConfigurationList section */
	};
	rootObject = 49355C771F6D15F0009D2F3F /* Project object */;
}
